{
  "name": "nx-shopify-preparetransition",
  "lockfileVersion": 2,
  "requires": true,
  "packages": {
    "": {
      "dependencies": {
        "prepare-transition": "github:MiracleCommerce/nx-shopify-preparetransition"
      }
    },
    "node_modules/prepare-transition": {
      "version": "0.1.1",
      "resolved": "git+ssh://git@github.com/MiracleCommerce/nx-shopify-preparetransition.git#3d5f70e393e2ce6fabd13999e7685d0a5d64d748",
      "license": "MIT"
    }
  },
  "dependencies": {
    "prepare-transition": {
      "version": "git+ssh://git@github.com/MiracleCommerce/nx-shopify-preparetransition.git#3d5f70e393e2ce6fabd13999e7685d0a5d64d748",
      "from": "prepare-transition@https://github.com/MiracleCommerce/nx-shopify-preparetransition.git"
    }
  }
}
